
Microsoft Visual Studio Solution File, Format Version 12.00
# Visual Studio Version 17
VisualStudioVersion = 17.11.35303.130
MinimumVisualStudioVersion = 10.0.40219.1
Project("{2150E333-8FDC-42A3-9474-1A3956D46DE8}") = "Task0", "Task0", "{86B258A3-40EB-4691-A1D8-74FC6956DB4E}"
EndProject
Project("{9A19103F-16F7-4668-BE54-9A1E7A4F7556}") = "Tyuiu.KosyanovDV.Sprint1.Task0.V4.Lib", "Tyuiu.KosyanovDV.Sprint1.Task0.V4.Lib\Tyuiu.KosyanovDV.Sprint1.Task0.V4.Lib.csproj", "{F4FA7108-FE3E-40BE-879E-A5E163BEDD8B}"
EndProject
Project("{9A19103F-16F7-4668-BE54-9A1E7A4F7556}") = "Tuyiu.KosyanovDV.Sprint1.Task0.V4.Test", "Tuyiu.KosyanovDV.Sprint1.Task0.V4.Test\Tuyiu.KosyanovDV.Sprint1.Task0.V4.Test.csproj", "{0A9633F4-38B8-4C82-8B40-9329FCE56BB3}"
EndProject
Project("{9A19103F-16F7-4668-BE54-9A1E7A4F7556}") = "Tuyiu.KosyanovDV.Sprint1.Task0.V4", "Tuyiu.KosyanovDV.Sprint1.Task0.V4\Tuyiu.KosyanovDV.Sprint1.Task0.V4.csproj", "{E54EAA58-BFF3-4DB1-9CC4-B3E7F5CF2164}"
EndProject
Project("{2150E333-8FDC-42A3-9474-1A3956D46DE8}") = "Task1", "Task1", "{DD286FB2-D0AF-4E1F-B195-7F7E4204A547}"
EndProject
Project("{9A19103F-16F7-4668-BE54-9A1E7A4F7556}") = "Tyuiu.KosyanovDV.Sprint1.Task1.V2.Lib", "Tyuiu.KosyanovDV.Sprint1.Task1.V2.Lib\Tyuiu.KosyanovDV.Sprint1.Task1.V2.Lib.csproj", "{D3D01848-D646-4D14-9960-9780A3C622EB}"
EndProject
Project("{9A19103F-16F7-4668-BE54-9A1E7A4F7556}") = "Tyuiu.KosyanovDV.Sprint1.Task1.V2.Test", "Tyuiu.KosyanovDV.Sprint1.Task1.V2.Test\Tyuiu.KosyanovDV.Sprint1.Task1.V2.Test.csproj", "{DBFCAE31-E6B1-46F2-B7EA-5DA3FEB57C89}"
EndProject
Project("{9A19103F-16F7-4668-BE54-9A1E7A4F7556}") = "Tyuiu.KosyanovDV.Sprint1.Task1.V2", "Tyuiu.KosyanovDV.Sprint1.Task1.V2\Tyuiu.KosyanovDV.Sprint1.Task1.V2.csproj", "{AF69A400-8EEA-4C22-AED0-6C3A5CE54288}"
EndProject
Project("{2150E333-8FDC-42A3-9474-1A3956D46DE8}") = "Task2", "Task2", "{72EA69A2-F0F5-4C8B-B30A-B43350AE3579}"
EndProject
Project("{9A19103F-16F7-4668-BE54-9A1E7A4F7556}") = "Tyuiu.KosyanovDV.Sprint1.Task2.V25", "Tyuiu.KosyanovDV.Sprint1.Task2.V25\Tyuiu.KosyanovDV.Sprint1.Task2.V25.csproj", "{312BBC5E-53C0-4A58-A923-46644C13221C}"
EndProject
Project("{9A19103F-16F7-4668-BE54-9A1E7A4F7556}") = "Tyuiu.KosyanovDV.Sprint1.Task2.V25.Lib", "Tyuiu.KosyanovDV.Sprint1.Task2.V25.Lib\Tyuiu.KosyanovDV.Sprint1.Task2.V25.Lib.csproj", "{34DF7E40-8B92-4349-82DD-BD01A25A6BC0}"
EndProject
Project("{9A19103F-16F7-4668-BE54-9A1E7A4F7556}") = "Tyuiu.KosyanovDV.Sprint1.Task2.V25.Test", "Tyuiu.KosyanovDV.Sprint1.Task2.V25.Test\Tyuiu.KosyanovDV.Sprint1.Task2.V25.Test.csproj", "{D61670C5-C4AD-4938-AEDC-C11787CB0417}"
EndProject
Project("{2150E333-8FDC-42A3-9474-1A3956D46DE8}") = "Task3", "Task3", "{09392272-D573-4BCC-89CC-AB3289A66F3F}"
EndProject
Project("{9A19103F-16F7-4668-BE54-9A1E7A4F7556}") = "Tyuiu.KosyanovDV.Sprint1.Task3.V1", "Tyuiu.KosyanovDV.Sprint1.Task3.V1\Tyuiu.KosyanovDV.Sprint1.Task3.V1.csproj", "{0F072F13-AB93-4839-AA66-31D70FA75FC8}"
EndProject
Project("{9A19103F-16F7-4668-BE54-9A1E7A4F7556}") = "Tyuiu.KosyanovDV.Sprint1.Task3.V1.Lib", "Tyuiu.KosyanovDV.Sprint1.Task3.V1.Lib\Tyuiu.KosyanovDV.Sprint1.Task3.V1.Lib.csproj", "{357A90C0-CE92-4BA8-B866-E75C897A1153}"
EndProject
Project("{9A19103F-16F7-4668-BE54-9A1E7A4F7556}") = "Tyuiu.KosyanovDV.Sprint1.Task3.V1.Test", "Tyuiu.KosyanovDV.Sprint1.Task3.V1.Test\Tyuiu.KosyanovDV.Sprint1.Task3.V1.Test.csproj", "{A1679C2B-C81D-4108-B416-5DCA2E645DA4}"
EndProject
Project("{2150E333-8FDC-42A3-9474-1A3956D46DE8}") = "Task4", "Task4", "{2360FC4D-DC38-4901-94B0-61A8850A8ADE}"
EndProject
Project("{FAE04EC0-301F-11D3-BF4B-00C04F79EFBC}") = "Tyuiu.KosyanovDV.Sprint1.Task4.V9", "Tyuiu.KosyanovDV.Sprint1.Task4.V9\Tyuiu.KosyanovDV.Sprint1.Task4.V9.csproj", "{3AC158D2-1A3A-47A0-9991-EA9189A2BB60}"
EndProject
Project("{FAE04EC0-301F-11D3-BF4B-00C04F79EFBC}") = "Tyuiu.KosyanovDV.Sprint1.Task4.V9.Lib", "Tyuiu.KosyanovDV.Sprint1.Task4.V9.Lib\Tyuiu.KosyanovDV.Sprint1.Task4.V9.Lib.csproj", "{C259F5D2-ACB1-4A63-A393-7AFF05CB9909}"
EndProject
Project("{FAE04EC0-301F-11D3-BF4B-00C04F79EFBC}") = "Tyuiu.KosyanovDV.Sprint1.Task4.V9.Test", "Tyuiu.KosyanovDV.Sprint1.Task4.V9.Test\Tyuiu.KosyanovDV.Sprint1.Task4.V9.Test.csproj", "{363E8300-E24A-43C9-BF66-934E7F42D58D}"
EndProject
Global
	GlobalSection(SolutionConfigurationPlatforms) = preSolution
		Debug|Any CPU = Debug|Any CPU
		Release|Any CPU = Release|Any CPU
	EndGlobalSection
	GlobalSection(ProjectConfigurationPlatforms) = postSolution
		{F4FA7108-FE3E-40BE-879E-A5E163BEDD8B}.Debug|Any CPU.ActiveCfg = Debug|Any CPU
		{F4FA7108-FE3E-40BE-879E-A5E163BEDD8B}.Debug|Any CPU.Build.0 = Debug|Any CPU
		{F4FA7108-FE3E-40BE-879E-A5E163BEDD8B}.Release|Any CPU.ActiveCfg = Release|Any CPU
		{F4FA7108-FE3E-40BE-879E-A5E163BEDD8B}.Release|Any CPU.Build.0 = Release|Any CPU
		{0A9633F4-38B8-4C82-8B40-9329FCE56BB3}.Debug|Any CPU.ActiveCfg = Debug|Any CPU
		{0A9633F4-38B8-4C82-8B40-9329FCE56BB3}.Debug|Any CPU.Build.0 = Debug|Any CPU
		{0A9633F4-38B8-4C82-8B40-9329FCE56BB3}.Release|Any CPU.ActiveCfg = Release|Any CPU
		{0A9633F4-38B8-4C82-8B40-9329FCE56BB3}.Release|Any CPU.Build.0 = Release|Any CPU
		{E54EAA58-BFF3-4DB1-9CC4-B3E7F5CF2164}.Debug|Any CPU.ActiveCfg = Debug|Any CPU
		{E54EAA58-BFF3-4DB1-9CC4-B3E7F5CF2164}.Debug|Any CPU.Build.0 = Debug|Any CPU
		{E54EAA58-BFF3-4DB1-9CC4-B3E7F5CF2164}.Release|Any CPU.ActiveCfg = Release|Any CPU
		{E54EAA58-BFF3-4DB1-9CC4-B3E7F5CF2164}.Release|Any CPU.Build.0 = Release|Any CPU
		{D3D01848-D646-4D14-9960-9780A3C622EB}.Debug|Any CPU.ActiveCfg = Debug|Any CPU
		{D3D01848-D646-4D14-9960-9780A3C622EB}.Debug|Any CPU.Build.0 = Debug|Any CPU
		{D3D01848-D646-4D14-9960-9780A3C622EB}.Release|Any CPU.ActiveCfg = Release|Any CPU
		{D3D01848-D646-4D14-9960-9780A3C622EB}.Release|Any CPU.Build.0 = Release|Any CPU
		{DBFCAE31-E6B1-46F2-B7EA-5DA3FEB57C89}.Debug|Any CPU.ActiveCfg = Debug|Any CPU
		{DBFCAE31-E6B1-46F2-B7EA-5DA3FEB57C89}.Debug|Any CPU.Build.0 = Debug|Any CPU
		{DBFCAE31-E6B1-46F2-B7EA-5DA3FEB57C89}.Release|Any CPU.ActiveCfg = Release|Any CPU
		{DBFCAE31-E6B1-46F2-B7EA-5DA3FEB57C89}.Release|Any CPU.Build.0 = Release|Any CPU
		{AF69A400-8EEA-4C22-AED0-6C3A5CE54288}.Debug|Any CPU.ActiveCfg = Debug|Any CPU
		{AF69A400-8EEA-4C22-AED0-6C3A5CE54288}.Debug|Any CPU.Build.0 = Debug|Any CPU
		{AF69A400-8EEA-4C22-AED0-6C3A5CE54288}.Release|Any CPU.ActiveCfg = Release|Any CPU
		{AF69A400-8EEA-4C22-AED0-6C3A5CE54288}.Release|Any CPU.Build.0 = Release|Any CPU
		{312BBC5E-53C0-4A58-A923-46644C13221C}.Debug|Any CPU.ActiveCfg = Debug|Any CPU
		{312BBC5E-53C0-4A58-A923-46644C13221C}.Debug|Any CPU.Build.0 = Debug|Any CPU
		{312BBC5E-53C0-4A58-A923-46644C13221C}.Release|Any CPU.ActiveCfg = Release|Any CPU
		{312BBC5E-53C0-4A58-A923-46644C13221C}.Release|Any CPU.Build.0 = Release|Any CPU
		{34DF7E40-8B92-4349-82DD-BD01A25A6BC0}.Debug|Any CPU.ActiveCfg = Debug|Any CPU
		{34DF7E40-8B92-4349-82DD-BD01A25A6BC0}.Debug|Any CPU.Build.0 = Debug|Any CPU
		{34DF7E40-8B92-4349-82DD-BD01A25A6BC0}.Release|Any CPU.ActiveCfg = Release|Any CPU
		{34DF7E40-8B92-4349-82DD-BD01A25A6BC0}.Release|Any CPU.Build.0 = Release|Any CPU
		{D61670C5-C4AD-4938-AEDC-C11787CB0417}.Debug|Any CPU.ActiveCfg = Debug|Any CPU
		{D61670C5-C4AD-4938-AEDC-C11787CB0417}.Debug|Any CPU.Build.0 = Debug|Any CPU
		{D61670C5-C4AD-4938-AEDC-C11787CB0417}.Release|Any CPU.ActiveCfg = Release|Any CPU
		{D61670C5-C4AD-4938-AEDC-C11787CB0417}.Release|Any CPU.Build.0 = Release|Any CPU
		{0F072F13-AB93-4839-AA66-31D70FA75FC8}.Debug|Any CPU.ActiveCfg = Debug|Any CPU
		{0F072F13-AB93-4839-AA66-31D70FA75FC8}.Debug|Any CPU.Build.0 = Debug|Any CPU
		{0F072F13-AB93-4839-AA66-31D70FA75FC8}.Release|Any CPU.ActiveCfg = Release|Any CPU
		{0F072F13-AB93-4839-AA66-31D70FA75FC8}.Release|Any CPU.Build.0 = Release|Any CPU
		{357A90C0-CE92-4BA8-B866-E75C897A1153}.Debug|Any CPU.ActiveCfg = Debug|Any CPU
		{357A90C0-CE92-4BA8-B866-E75C897A1153}.Debug|Any CPU.Build.0 = Debug|Any CPU
		{357A90C0-CE92-4BA8-B866-E75C897A1153}.Release|Any CPU.ActiveCfg = Release|Any CPU
		{357A90C0-CE92-4BA8-B866-E75C897A1153}.Release|Any CPU.Build.0 = Release|Any CPU
		{A1679C2B-C81D-4108-B416-5DCA2E645DA4}.Debug|Any CPU.ActiveCfg = Debug|Any CPU
		{A1679C2B-C81D-4108-B416-5DCA2E645DA4}.Debug|Any CPU.Build.0 = Debug|Any CPU
		{A1679C2B-C81D-4108-B416-5DCA2E645DA4}.Release|Any CPU.ActiveCfg = Release|Any CPU
		{A1679C2B-C81D-4108-B416-5DCA2E645DA4}.Release|Any CPU.Build.0 = Release|Any CPU
		{3AC158D2-1A3A-47A0-9991-EA9189A2BB60}.Debug|Any CPU.ActiveCfg = Debug|Any CPU
		{3AC158D2-1A3A-47A0-9991-EA9189A2BB60}.Debug|Any CPU.Build.0 = Debug|Any CPU
		{3AC158D2-1A3A-47A0-9991-EA9189A2BB60}.Release|Any CPU.ActiveCfg = Release|Any CPU
		{3AC158D2-1A3A-47A0-9991-EA9189A2BB60}.Release|Any CPU.Build.0 = Release|Any CPU
		{C259F5D2-ACB1-4A63-A393-7AFF05CB9909}.Debug|Any CPU.ActiveCfg = Debug|Any CPU
		{C259F5D2-ACB1-4A63-A393-7AFF05CB9909}.Debug|Any CPU.Build.0 = Debug|Any CPU
		{C259F5D2-ACB1-4A63-A393-7AFF05CB9909}.Release|Any CPU.ActiveCfg = Release|Any CPU
		{C259F5D2-ACB1-4A63-A393-7AFF05CB9909}.Release|Any CPU.Build.0 = Release|Any CPU
		{363E8300-E24A-43C9-BF66-934E7F42D58D}.Debug|Any CPU.ActiveCfg = Debug|Any CPU
		{363E8300-E24A-43C9-BF66-934E7F42D58D}.Debug|Any CPU.Build.0 = Debug|Any CPU
		{363E8300-E24A-43C9-BF66-934E7F42D58D}.Release|Any CPU.ActiveCfg = Release|Any CPU
		{363E8300-E24A-43C9-BF66-934E7F42D58D}.Release|Any CPU.Build.0 = Release|Any CPU
	EndGlobalSection
	GlobalSection(SolutionProperties) = preSolution
		HideSolutionNode = FALSE
	EndGlobalSection
	GlobalSection(NestedProjects) = preSolution
		{F4FA7108-FE3E-40BE-879E-A5E163BEDD8B} = {86B258A3-40EB-4691-A1D8-74FC6956DB4E}
		{0A9633F4-38B8-4C82-8B40-9329FCE56BB3} = {86B258A3-40EB-4691-A1D8-74FC6956DB4E}
		{E54EAA58-BFF3-4DB1-9CC4-B3E7F5CF2164} = {86B258A3-40EB-4691-A1D8-74FC6956DB4E}
		{D3D01848-D646-4D14-9960-9780A3C622EB} = {DD286FB2-D0AF-4E1F-B195-7F7E4204A547}
		{DBFCAE31-E6B1-46F2-B7EA-5DA3FEB57C89} = {DD286FB2-D0AF-4E1F-B195-7F7E4204A547}
		{AF69A400-8EEA-4C22-AED0-6C3A5CE54288} = {DD286FB2-D0AF-4E1F-B195-7F7E4204A547}
		{312BBC5E-53C0-4A58-A923-46644C13221C} = {72EA69A2-F0F5-4C8B-B30A-B43350AE3579}
		{34DF7E40-8B92-4349-82DD-BD01A25A6BC0} = {72EA69A2-F0F5-4C8B-B30A-B43350AE3579}
		{D61670C5-C4AD-4938-AEDC-C11787CB0417} = {72EA69A2-F0F5-4C8B-B30A-B43350AE3579}
		{0F072F13-AB93-4839-AA66-31D70FA75FC8} = {09392272-D573-4BCC-89CC-AB3289A66F3F}
		{357A90C0-CE92-4BA8-B866-E75C897A1153} = {09392272-D573-4BCC-89CC-AB3289A66F3F}
		{A1679C2B-C81D-4108-B416-5DCA2E645DA4} = {09392272-D573-4BCC-89CC-AB3289A66F3F}
		{3AC158D2-1A3A-47A0-9991-EA9189A2BB60} = {2360FC4D-DC38-4901-94B0-61A8850A8ADE}
		{C259F5D2-ACB1-4A63-A393-7AFF05CB9909} = {2360FC4D-DC38-4901-94B0-61A8850A8ADE}
		{363E8300-E24A-43C9-BF66-934E7F42D58D} = {2360FC4D-DC38-4901-94B0-61A8850A8ADE}
	EndGlobalSection
	GlobalSection(ExtensibilityGlobals) = postSolution
		SolutionGuid = {A0D395EE-F4C0-48F6-9010-73266A24858F}
	EndGlobalSection
EndGlobal
