
Microsoft Visual Studio Solution File, Format Version 12.00
# Visual Studio Version 17
VisualStudioVersion = 17.11.35303.130
MinimumVisualStudioVersion = 10.0.40219.1
Project("{2150E333-8FDC-42A3-9474-1A3956D46DE8}") = "Task0", "Task0", "{86B258A3-40EB-4691-A1D8-74FC6956DB4E}"
EndProject
Project("{9A19103F-16F7-4668-BE54-9A1E7A4F7556}") = "Tyuiu.KosyanovDV.Sprint1.Task0.V4.Lib", "Tyuiu.KosyanovDV.Sprint1.Task0.V4.Lib\Tyuiu.KosyanovDV.Sprint1.Task0.V4.Lib.csproj", "{F4FA7108-FE3E-40BE-879E-A5E163BEDD8B}"
EndProject
Project("{9A19103F-16F7-4668-BE54-9A1E7A4F7556}") = "Tuyiu.KosyanovDV.Sprint1.Task0.V4.Test", "Tuyiu.KosyanovDV.Sprint1.Task0.V4.Test\Tuyiu.KosyanovDV.Sprint1.Task0.V4.Test.csproj", "{0A9633F4-38B8-4C82-8B40-9329FCE56BB3}"
EndProject
Project("{9A19103F-16F7-4668-BE54-9A1E7A4F7556}") = "Tuyiu.KosyanovDV.Sprint1.Task0.V4", "Tuyiu.KosyanovDV.Sprint1.Task0.V4\Tuyiu.KosyanovDV.Sprint1.Task0.V4.csproj", "{E54EAA58-BFF3-4DB1-9CC4-B3E7F5CF2164}"
EndProject
Project("{2150E333-8FDC-42A3-9474-1A3956D46DE8}") = "Task1", "Task1", "{417D383E-98E7-4A4C-A583-D7BB4EE3B520}"
EndProject
Project("{FAE04EC0-301F-11D3-BF4B-00C04F79EFBC}") = "Tuyiu.KosyanovDV.Sprint1.Task1.V2.Test", "Tuyiu.KosyanovDV.Sprint1.Task1.V2.Test1\Tuyiu.KosyanovDV.Sprint1.Task1.V2.Test.csproj", "{8FF31BD4-8EAD-4E83-B4F0-3760FF06CB64}"
EndProject
Project("{FAE04EC0-301F-11D3-BF4B-00C04F79EFBC}") = "Tuyiu.KosyanovDV.Sprint1.Task1.V2.Lib", "Tuyiu.KosyanovDV.Sprint1.Task1.V2.Lib1\Tuyiu.KosyanovDV.Sprint1.Task1.V2.Lib.csproj", "{1C15E349-C9A6-4B2F-8CCE-C324E0D54187}"
EndProject
Project("{FAE04EC0-301F-11D3-BF4B-00C04F79EFBC}") = "Tuyiu.KosyanovDV.Sprint1.Task1.V2", "Tuyiu.KosyanovDV.Sprint1.Task1.V21\Tuyiu.KosyanovDV.Sprint1.Task1.V2.csproj", "{FE6C8159-6B59-4F75-8A38-590F0FBF247B}"
EndProject
Global
	GlobalSection(SolutionConfigurationPlatforms) = preSolution
		Debug|Any CPU = Debug|Any CPU
		Release|Any CPU = Release|Any CPU
	EndGlobalSection
	GlobalSection(ProjectConfigurationPlatforms) = postSolution
		{F4FA7108-FE3E-40BE-879E-A5E163BEDD8B}.Debug|Any CPU.ActiveCfg = Debug|Any CPU
		{F4FA7108-FE3E-40BE-879E-A5E163BEDD8B}.Debug|Any CPU.Build.0 = Debug|Any CPU
		{F4FA7108-FE3E-40BE-879E-A5E163BEDD8B}.Release|Any CPU.ActiveCfg = Release|Any CPU
		{F4FA7108-FE3E-40BE-879E-A5E163BEDD8B}.Release|Any CPU.Build.0 = Release|Any CPU
		{0A9633F4-38B8-4C82-8B40-9329FCE56BB3}.Debug|Any CPU.ActiveCfg = Debug|Any CPU
		{0A9633F4-38B8-4C82-8B40-9329FCE56BB3}.Debug|Any CPU.Build.0 = Debug|Any CPU
		{0A9633F4-38B8-4C82-8B40-9329FCE56BB3}.Release|Any CPU.ActiveCfg = Release|Any CPU
		{0A9633F4-38B8-4C82-8B40-9329FCE56BB3}.Release|Any CPU.Build.0 = Release|Any CPU
		{E54EAA58-BFF3-4DB1-9CC4-B3E7F5CF2164}.Debug|Any CPU.ActiveCfg = Debug|Any CPU
		{E54EAA58-BFF3-4DB1-9CC4-B3E7F5CF2164}.Debug|Any CPU.Build.0 = Debug|Any CPU
		{E54EAA58-BFF3-4DB1-9CC4-B3E7F5CF2164}.Release|Any CPU.ActiveCfg = Release|Any CPU
		{E54EAA58-BFF3-4DB1-9CC4-B3E7F5CF2164}.Release|Any CPU.Build.0 = Release|Any CPU
		{8FF31BD4-8EAD-4E83-B4F0-3760FF06CB64}.Debug|Any CPU.ActiveCfg = Debug|Any CPU
		{8FF31BD4-8EAD-4E83-B4F0-3760FF06CB64}.Debug|Any CPU.Build.0 = Debug|Any CPU
		{8FF31BD4-8EAD-4E83-B4F0-3760FF06CB64}.Release|Any CPU.ActiveCfg = Release|Any CPU
		{8FF31BD4-8EAD-4E83-B4F0-3760FF06CB64}.Release|Any CPU.Build.0 = Release|Any CPU
		{1C15E349-C9A6-4B2F-8CCE-C324E0D54187}.Debug|Any CPU.ActiveCfg = Debug|Any CPU
		{1C15E349-C9A6-4B2F-8CCE-C324E0D54187}.Debug|Any CPU.Build.0 = Debug|Any CPU
		{1C15E349-C9A6-4B2F-8CCE-C324E0D54187}.Release|Any CPU.ActiveCfg = Release|Any CPU
		{1C15E349-C9A6-4B2F-8CCE-C324E0D54187}.Release|Any CPU.Build.0 = Release|Any CPU
		{FE6C8159-6B59-4F75-8A38-590F0FBF247B}.Debug|Any CPU.ActiveCfg = Debug|Any CPU
		{FE6C8159-6B59-4F75-8A38-590F0FBF247B}.Debug|Any CPU.Build.0 = Debug|Any CPU
		{FE6C8159-6B59-4F75-8A38-590F0FBF247B}.Release|Any CPU.ActiveCfg = Release|Any CPU
		{FE6C8159-6B59-4F75-8A38-590F0FBF247B}.Release|Any CPU.Build.0 = Release|Any CPU
	EndGlobalSection
	GlobalSection(SolutionProperties) = preSolution
		HideSolutionNode = FALSE
	EndGlobalSection
	GlobalSection(NestedProjects) = preSolution
		{F4FA7108-FE3E-40BE-879E-A5E163BEDD8B} = {86B258A3-40EB-4691-A1D8-74FC6956DB4E}
		{0A9633F4-38B8-4C82-8B40-9329FCE56BB3} = {86B258A3-40EB-4691-A1D8-74FC6956DB4E}
		{E54EAA58-BFF3-4DB1-9CC4-B3E7F5CF2164} = {86B258A3-40EB-4691-A1D8-74FC6956DB4E}
		{8FF31BD4-8EAD-4E83-B4F0-3760FF06CB64} = {417D383E-98E7-4A4C-A583-D7BB4EE3B520}
		{1C15E349-C9A6-4B2F-8CCE-C324E0D54187} = {417D383E-98E7-4A4C-A583-D7BB4EE3B520}
		{FE6C8159-6B59-4F75-8A38-590F0FBF247B} = {417D383E-98E7-4A4C-A583-D7BB4EE3B520}
	EndGlobalSection
	GlobalSection(ExtensibilityGlobals) = postSolution
		SolutionGuid = {A0D395EE-F4C0-48F6-9010-73266A24858F}
	EndGlobalSection
EndGlobal
